
Microsoft Visual Studio Solution File, Format Version 12.00
# Visual Studio Version 16
VisualStudioVersion = 16.0.29728.190
MinimumVisualStudioVersion = 10.0.40219.1
Project("{FAE04EC0-301F-11D3-BF4B-00C04F79EFBC}") = "RectangleCalculator", "RectangleCalculator.csproj", "{B378C713-6CD0-4AEB-A836-41C17413FA0F}"
EndProject
Project("{FAE04EC0-301F-11D3-BF4B-00C04F79EFBC}") = "RectangleCalculator_UnitTests", "..\RectangleCalculator_UnitTests\RectangleCalculator_UnitTests.csproj", "{62126FCD-6229-4176-9796-561BB5D47EA7}"
EndProject
Global
	GlobalSection(SolutionConfigurationPlatforms) = preSolution
		Debug|Any CPU = Debug|Any CPU
		Release|Any CPU = Release|Any CPU
	EndGlobalSection
	GlobalSection(ProjectConfigurationPlatforms) = postSolution
		{B378C713-6CD0-4AEB-A836-41C17413FA0F}.Debug|Any CPU.ActiveCfg = Debug|Any CPU
		{B378C713-6CD0-4AEB-A836-41C17413FA0F}.Debug|Any CPU.Build.0 = Debug|Any CPU
		{B378C713-6CD0-4AEB-A836-41C17413FA0F}.Release|Any CPU.ActiveCfg = Release|Any CPU
		{B378C713-6CD0-4AEB-A836-41C17413FA0F}.Release|Any CPU.Build.0 = Release|Any CPU
		{62126FCD-6229-4176-9796-561BB5D47EA7}.Debug|Any CPU.ActiveCfg = Debug|Any CPU
		{62126FCD-6229-4176-9796-561BB5D47EA7}.Debug|Any CPU.Build.0 = Debug|Any CPU
		{62126FCD-6229-4176-9796-561BB5D47EA7}.Release|Any CPU.ActiveCfg = Release|Any CPU
		{62126FCD-6229-4176-9796-561BB5D47EA7}.Release|Any CPU.Build.0 = Release|Any CPU
	EndGlobalSection
	GlobalSection(SolutionProperties) = preSolution
		HideSolutionNode = FALSE
	EndGlobalSection
	GlobalSection(ExtensibilityGlobals) = postSolution
		SolutionGuid = {1A26CA8F-7A72-4C0C-BE3F-968CC32970B2}
	EndGlobalSection
EndGlobal
